// !$*UTF8*$!
{
	archiveVersion = 1;
	classes = {
	};
	objectVersion = 46;
	objects = {

/* Begin PBXBuildFile section */
		79EB2CAC1D04B78800F605CA /* AppDelegate.swift in Sources */ = {isa = PBXBuildFile; fileRef = 79EB2CAB1D04B78800F605CA /* AppDelegate.swift */; };
		79EB2CAE1D04B78800F605CA /* ViewController.swift in Sources */ = {isa = PBXBuildFile; fileRef = 79EB2CAD1D04B78800F605CA /* ViewController.swift */; };
		79EB2CB11D04B78800F605CA /* Main.storyboard in Resources */ = {isa = PBXBuildFile; fileRef = 79EB2CAF1D04B78800F605CA /* Main.storyboard */; };
		79EB2CB31D04B78800F605CA /* Assets.xcassets in Resources */ = {isa = PBXBuildFile; fileRef = 79EB2CB21D04B78800F605CA /* Assets.xcassets */; };
		79EB2CB61D04B78800F605CA /* LaunchScreen.storyboard in Resources */ = {isa = PBXBuildFile; fileRef = 79EB2CB41D04B78800F605CA /* LaunchScreen.storyboard */; };
		79EB2CC11D04B78800F605CA /* ColorSliderMyOwnTests.swift in Sources */ = {isa = PBXBuildFile; fileRef = 79EB2CC01D04B78800F605CA /* ColorSliderMyOwnTests.swift */; };
		79EB2CCC1D04B78800F605CA /* ColorSliderMyOwnUITests.swift in Sources */ = {isa = PBXBuildFile; fileRef = 79EB2CCB1D04B78800F605CA /* ColorSliderMyOwnUITests.swift */; };
/* End PBXBuildFile section */

/* Begin PBXContainerItemProxy section */
		79EB2CBD1D04B78800F605CA /* PBXContainerItemProxy */ = {
			isa = PBXContainerItemProxy;
			containerPortal = 79EB2CA01D04B78800F605CA /* Project object */;
			proxyType = 1;
			remoteGlobalIDString = 79EB2CA71D04B78800F605CA;
			remoteInfo = ColorSliderMyOwn;
		};
		79EB2CC81D04B78800F605CA /* PBXContainerItemProxy */ = {
			isa = PBXContainerItemProxy;
			containerPortal = 79EB2CA01D04B78800F605CA /* Project object */;
			proxyType = 1;
			remoteGlobalIDString = 79EB2CA71D04B78800F605CA;
			remoteInfo = ColorSliderMyOwn;
		};
/* End PBXContainerItemProxy section */

/* Begin PBXFileReference section */
		79EB2CA81D04B78800F605CA /* ColorSliderMyOwn.app */ = {isa = PBXFileReference; explicitFileType = wrapper.application; includeInIndex = 0; path = ColorSliderMyOwn.app; sourceTree = BUILT_PRODUCTS_DIR; };
		79EB2CAB1D04B78800F605CA /* AppDelegate.swift */ = {isa = PBXFileReference; lastKnownFileType = sourcecode.swift; path = AppDelegate.swift; sourceTree = "<group>"; };
		79EB2CAD1D04B78800F605CA /* ViewController.swift */ = {isa = PBXFileReference; lastKnownFileType = sourcecode.swift; path = ViewController.swift; sourceTree = "<group>"; };
		79EB2CB01D04B78800F605CA /* Base */ = {isa = PBXFileReference; lastKnownFileType = file.storyboard; name = Base; path = Base.lproj/Main.storyboard; sourceTree = "<group>"; };
		79EB2CB21D04B78800F605CA /* Assets.xcassets */ = {isa = PBXFileReference; lastKnownFileType = folder.assetcatalog; path = Assets.xcassets; sourceTree = "<group>"; };
		79EB2CB51D04B78800F605CA /* Base */ = {isa = PBXFileReference; lastKnownFileType = file.storyboard; name = Base; path = Base.lproj/LaunchScreen.storyboard; sourceTree = "<group>"; };
		79EB2CB71D04B78800F605CA /* Info.plist */ = {isa = PBXFileReference; lastKnownFileType = text.plist.xml; path = Info.plist; sourceTree = "<group>"; };
		79EB2CBC1D04B78800F605CA /* ColorSliderMyOwnTests.xctest */ = {isa = PBXFileReference; explicitFileType = wrapper.cfbundle; includeInIndex = 0; path = ColorSliderMyOwnTests.xctest; sourceTree = BUILT_PRODUCTS_DIR; };
		79EB2CC01D04B78800F605CA /* ColorSliderMyOwnTests.swift */ = {isa = PBXFileReference; lastKnownFileType = sourcecode.swift; path = ColorSliderMyOwnTests.swift; sourceTree = "<group>"; };
		79EB2CC21D04B78800F605CA /* Info.plist */ = {isa = PBXFileReference; lastKnownFileType = text.plist.xml; path = Info.plist; sourceTree = "<group>"; };
		79EB2CC71D04B78800F605CA /* ColorSliderMyOwnUITests.xctest */ = {isa = PBXFileReference; explicitFileType = wrapper.cfbundle; includeInIndex = 0; path = ColorSliderMyOwnUITests.xctest; sourceTree = BUILT_PRODUCTS_DIR; };
		79EB2CCB1D04B78800F605CA /* ColorSliderMyOwnUITests.swift */ = {isa = PBXFileReference; lastKnownFileType = sourcecode.swift; path = ColorSliderMyOwnUITests.swift; sourceTree = "<group>"; };
		79EB2CCD1D04B78800F605CA /* Info.plist */ = {isa = PBXFileReference; lastKnownFileType = text.plist.xml; path = Info.plist; sourceTree = "<group>"; };
/* End PBXFileReference section */

/* Begin PBXFrameworksBuildPhase section */
		79EB2CA51D04B78800F605CA /* Frameworks */ = {
			isa = PBXFrameworksBuildPhase;
			buildActionMask = 2147483647;
			files = (
			);
			runOnlyForDeploymentPostprocessing = 0;
		};
		79EB2CB91D04B78800F605CA /* Frameworks */ = {
			isa = PBXFrameworksBuildPhase;
			buildActionMask = 2147483647;
			files = (
			);
			runOnlyForDeploymentPostprocessing = 0;
		};
		79EB2CC41D04B78800F605CA /* Frameworks */ = {
			isa = PBXFrameworksBuildPhase;
			buildActionMask = 2147483647;
			files = (
			);
			runOnlyForDeploymentPostprocessing = 0;
		};
/* End PBXFrameworksBuildPhase section */

/* Begin PBXGroup section */
		79EB2C9F1D04B78800F605CA = {
			isa = PBXGroup;
			children = (
				79EB2CAA1D04B78800F605CA /* ColorSliderMyOwn */,
				79EB2CBF1D04B78800F605CA /* ColorSliderMyOwnTests */,
				79EB2CCA1D04B78800F605CA /* ColorSliderMyOwnUITests */,
				79EB2CA91D04B78800F605CA /* Products */,
			);
			sourceTree = "<group>";
		};
		79EB2CA91D04B78800F605CA /* Products */ = {
			isa = PBXGroup;
			children = (
				79EB2CA81D04B78800F605CA /* ColorSliderMyOwn.app */,
				79EB2CBC1D04B78800F605CA /* ColorSliderMyOwnTests.xctest */,
				79EB2CC71D04B78800F605CA /* ColorSliderMyOwnUITests.xctest */,
			);
			name = Products;
			sourceTree = "<group>";
		};
		79EB2CAA1D04B78800F605CA /* ColorSliderMyOwn */ = {
			isa = PBXGroup;
			children = (
				79EB2CAB1D04B78800F605CA /* AppDelegate.swift */,
				79EB2CAD1D04B78800F605CA /* ViewController.swift */,
				79EB2CAF1D04B78800F605CA /* Main.storyboard */,
				79EB2CB21D04B78800F605CA /* Assets.xcassets */,
				79EB2CB41D04B78800F605CA /* LaunchScreen.storyboard */,
				79EB2CB71D04B78800F605CA /* Info.plist */,
			);
			path = ColorSliderMyOwn;
			sourceTree = "<group>";
		};
		79EB2CBF1D04B78800F605CA /* ColorSliderMyOwnTests */ = {
			isa = PBXGroup;
			children = (
				79EB2CC01D04B78800F605CA /* ColorSliderMyOwnTests.swift */,
				79EB2CC21D04B78800F605CA /* Info.plist */,
			);
			path = ColorSliderMyOwnTests;
			sourceTree = "<group>";
		};
		79EB2CCA1D04B78800F605CA /* ColorSliderMyOwnUITests */ = {
			isa = PBXGroup;
			children = (
				79EB2CCB1D04B78800F605CA /* ColorSliderMyOwnUITests.swift */,
				79EB2CCD1D04B78800F605CA /* Info.plist */,
			);
			path = ColorSliderMyOwnUITests;
			sourceTree = "<group>";
		};
/* End PBXGroup section */

/* Begin PBXNativeTarget section */
		79EB2CA71D04B78800F605CA /* ColorSliderMyOwn */ = {
			isa = PBXNativeTarget;
			buildConfigurationList = 79EB2CD01D04B78800F605CA /* Build configuration list for PBXNativeTarget "ColorSliderMyOwn" */;
			buildPhases = (
				79EB2CA41D04B78800F605CA /* Sources */,
				79EB2CA51D04B78800F605CA /* Frameworks */,
				79EB2CA61D04B78800F605CA /* Resources */,
			);
			buildRules = (
			);
			dependencies = (
			);
			name = ColorSliderMyOwn;
			productName = ColorSliderMyOwn;
			productReference = 79EB2CA81D04B78800F605CA /* ColorSliderMyOwn.app */;
			productType = "com.apple.product-type.application";
		};
		79EB2CBB1D04B78800F605CA /* ColorSliderMyOwnTests */ = {
			isa = PBXNativeTarget;
			buildConfigurationList = 79EB2CD31D04B78800F605CA /* Build configuration list for PBXNativeTarget "ColorSliderMyOwnTests" */;
			buildPhases = (
				79EB2CB81D04B78800F605CA /* Sources */,
				79EB2CB91D04B78800F605CA /* Frameworks */,
				79EB2CBA1D04B78800F605CA /* Resources */,
			);
			buildRules = (
			);
			dependencies = (
				79EB2CBE1D04B78800F605CA /* PBXTargetDependency */,
			);
			name = ColorSliderMyOwnTests;
			productName = ColorSliderMyOwnTests;
			productReference = 79EB2CBC1D04B78800F605CA /* ColorSliderMyOwnTests.xctest */;
			productType = "com.apple.product-type.bundle.unit-test";
		};
		79EB2CC61D04B78800F605CA /* ColorSliderMyOwnUITests */ = {
			isa = PBXNativeTarget;
			buildConfigurationList = 79EB2CD61D04B78800F605CA /* Build configuration list for PBXNativeTarget "ColorSliderMyOwnUITests" */;
			buildPhases = (
				79EB2CC31D04B78800F605CA /* Sources */,
				79EB2CC41D04B78800F605CA /* Frameworks */,
				79EB2CC51D04B78800F605CA /* Resources */,
			);
			buildRules = (
			);
			dependencies = (
				79EB2CC91D04B78800F605CA /* PBXTargetDependency */,
			);
			name = ColorSliderMyOwnUITests;
			productName = ColorSliderMyOwnUITests;
			productReference = 79EB2CC71D04B78800F605CA /* ColorSliderMyOwnUITests.xctest */;
			productType = "com.apple.product-type.bundle.ui-testing";
		};
/* End PBXNativeTarget section */

/* Begin PBXProject section */
		79EB2CA01D04B78800F605CA /* Project object */ = {
			isa = PBXProject;
			attributes = {
				LastSwiftUpdateCheck = 0730;
				LastUpgradeCheck = 0730;
				ORGANIZATIONNAME = modelf;
				TargetAttributes = {
					79EB2CA71D04B78800F605CA = {
						CreatedOnToolsVersion = 7.3.1;
						DevelopmentTeam = Q7UCV2ESBZ;
					};
					79EB2CBB1D04B78800F605CA = {
						CreatedOnToolsVersion = 7.3.1;
						DevelopmentTeam = Q7UCV2ESBZ;
						TestTargetID = 79EB2CA71D04B78800F605CA;
					};
					79EB2CC61D04B78800F605CA = {
						CreatedOnToolsVersion = 7.3.1;
						DevelopmentTeam = Q7UCV2ESBZ;
						TestTargetID = 79EB2CA71D04B78800F605CA;
					};
				};
			};
			buildConfigurationList = 79EB2CA31D04B78800F605CA /* Build configuration list for PBXProject "ColorSliderMyOwn" */;
			compatibilityVersion = "Xcode 3.2";
			developmentRegion = English;
			hasScannedForEncodings = 0;
			knownRegions = (
				en,
				Base,
			);
			mainGroup = 79EB2C9F1D04B78800F605CA;
			productRefGroup = 79EB2CA91D04B78800F605CA /* Products */;
			projectDirPath = "";
			projectRoot = "";
			targets = (
				79EB2CA71D04B78800F605CA /* ColorSliderMyOwn */,
				79EB2CBB1D04B78800F605CA /* ColorSliderMyOwnTests */,
				79EB2CC61D04B78800F605CA /* ColorSliderMyOwnUITests */,
			);
		};
/* End PBXProject section */

/* Begin PBXResourcesBuildPhase section */
		79EB2CA61D04B78800F605CA /* Resources */ = {
			isa = PBXResourcesBuildPhase;
			buildActionMask = 2147483647;
			files = (
				79EB2CB61D04B78800F605CA /* LaunchScreen.storyboard in Resources */,
				79EB2CB31D04B78800F605CA /* Assets.xcassets in Resources */,
				79EB2CB11D04B78800F605CA /* Main.storyboard in Resources */,
			);
			runOnlyForDeploymentPostprocessing = 0;
		};
		79EB2CBA1D04B78800F605CA /* Resources */ = {
			isa = PBXResourcesBuildPhase;
			buildActionMask = 2147483647;
			files = (
			);
			runOnlyForDeploymentPostprocessing = 0;
		};
		79EB2CC51D04B78800F605CA /* Resources */ = {
			isa = PBXResourcesBuildPhase;
			buildActionMask = 2147483647;
			files = (
			);
			runOnlyForDeploymentPostprocessing = 0;
		};
/* End PBXResourcesBuildPhase section */

/* Begin PBXSourcesBuildPhase section */
		79EB2CA41D04B78800F605CA /* Sources */ = {
			isa = PBXSourcesBuildPhase;
			buildActionMask = 2147483647;
			files = (
				79EB2CAE1D04B78800F605CA /* ViewController.swift in Sources */,
				79EB2CAC1D04B78800F605CA /* AppDelegate.swift in Sources */,
			);
			runOnlyForDeploymentPostprocessing = 0;
		};
		79EB2CB81D04B78800F605CA /* Sources */ = {
			isa = PBXSourcesBuildPhase;
			buildActionMask = 2147483647;
			files = (
				79EB2CC11D04B78800F605CA /* ColorSliderMyOwnTests.swift in Sources */,
			);
			runOnlyForDeploymentPostprocessing = 0;
		};
		79EB2CC31D04B78800F605CA /* Sources */ = {
			isa = PBXSourcesBuildPhase;
			buildActionMask = 2147483647;
			files = (
				79EB2CCC1D04B78800F605CA /* ColorSliderMyOwnUITests.swift in Sources */,
			);
			runOnlyForDeploymentPostprocessing = 0;
		};
/* End PBXSourcesBuildPhase section */

/* Begin PBXTargetDependency section */
		79EB2CBE1D04B78800F605CA /* PBXTargetDependency */ = {
			isa = PBXTargetDependency;
			target = 79EB2CA71D04B78800F605CA /* ColorSliderMyOwn */;
			targetProxy = 79EB2CBD1D04B78800F605CA /* PBXContainerItemProxy */;
		};
		79EB2CC91D04B78800F605CA /* PBXTargetDependency */ = {
			isa = PBXTargetDependency;
			target = 79EB2CA71D04B78800F605CA /* ColorSliderMyOwn */;
			targetProxy = 79EB2CC81D04B78800F605CA /* PBXContainerItemProxy */;
		};
/* End PBXTargetDependency section */

/* Begin PBXVariantGroup section */
		79EB2CAF1D04B78800F605CA /* Main.storyboard */ = {
			isa = PBXVariantGroup;
			children = (
				79EB2CB01D04B78800F605CA /* Base */,
			);
			name = Main.storyboard;
			sourceTree = "<group>";
		};
		79EB2CB41D04B78800F605CA /* LaunchScreen.storyboard */ = {
			isa = PBXVariantGroup;
			children = (
				79EB2CB51D04B78800F605CA /* Base */,
			);
			name = LaunchScreen.storyboard;
			sourceTree = "<group>";
		};
/* End PBXVariantGroup section */

/* Begin XCBuildConfiguration section */
		79EB2CCE1D04B78800F605CA /* Debug */ = {
			isa = XCBuildConfiguration;
			buildSettings = {
				ALWAYS_SEARCH_USER_PATHS = NO;
				CLANG_ANALYZER_NONNULL = YES;
				CLANG_CXX_LANGUAGE_STANDARD = "gnu++0x";
				CLANG_CXX_LIBRARY = "libc++";
				CLANG_ENABLE_MODULES = YES;
				CLANG_ENABLE_OBJC_ARC = YES;
				CLANG_WARN_BOOL_CONVERSION = YES;
				CLANG_WARN_CONSTANT_CONVERSION = YES;
				CLANG_WARN_DIRECT_OBJC_ISA_USAGE = YES_ERROR;
				CLANG_WARN_EMPTY_BODY = YES;
				CLANG_WARN_ENUM_CONVERSION = YES;
				CLANG_WARN_INT_CONVERSION = YES;
				CLANG_WARN_OBJC_ROOT_CLASS = YES_ERROR;
				CLANG_WARN_UNREACHABLE_CODE = YES;
				CLANG_WARN__DUPLICATE_METHOD_MATCH = YES;
				"CODE_SIGN_IDENTITY[sdk=iphoneos*]" = "iPhone Developer";
				COPY_PHASE_STRIP = NO;
				DEBUG_INFORMATION_FORMAT = dwarf;
				ENABLE_STRICT_OBJC_MSGSEND = YES;
				ENABLE_TESTABILITY = YES;
				GCC_C_LANGUAGE_STANDARD = gnu99;
				GCC_DYNAMIC_NO_PIC = NO;
				GCC_NO_COMMON_BLOCKS = YES;
				GCC_OPTIMIZATION_LEVEL = 0;
				GCC_PREPROCESSOR_DEFINITIONS = (
					"DEBUG=1",
					"$(inherited)",
				);
				GCC_WARN_64_TO_32_BIT_CONVERSION = YES;
				GCC_WARN_ABOUT_RETURN_TYPE = YES_ERROR;
				GCC_WARN_UNDECLARED_SELECTOR = YES;
				GCC_WARN_UNINITIALIZED_AUTOS = YES_AGGRESSIVE;
				GCC_WARN_UNUSED_FUNCTION = YES;
				GCC_WARN_UNUSED_VARIABLE = YES;
				IPHONEOS_DEPLOYMENT_TARGET = 9.3;
				MTL_ENABLE_DEBUG_INFO = YES;
				ONLY_ACTIVE_ARCH = YES;
				SDKROOT = iphoneos;
				SWIFT_OPTIMIZATION_LEVEL = "-Onone";
				TARGETED_DEVICE_FAMILY = "1,2";
			};
			name = Debug;
		};
		79EB2CCF1D04B78800F605CA /* Release */ = {
			isa = XCBuildConfiguration;
			buildSettings = {
				ALWAYS_SEARCH_USER_PATHS = NO;
				CLANG_ANALYZER_NONNULL = YES;
				CLANG_CXX_LANGUAGE_STANDARD = "gnu++0x";
				CLANG_CXX_LIBRARY = "libc++";
				CLANG_ENABLE_MODULES = YES;
				CLANG_ENABLE_OBJC_ARC = YES;
				CLANG_WARN_BOOL_CONVERSION = YES;
				CLANG_WARN_CONSTANT_CONVERSION = YES;
				CLANG_WARN_DIRECT_OBJC_ISA_USAGE = YES_ERROR;
				CLANG_WARN_EMPTY_BODY = YES;
				CLANG_WARN_ENUM_CONVERSION = YES;
				CLANG_WARN_INT_CONVERSION = YES;
				CLANG_WARN_OBJC_ROOT_CLASS = YES_ERROR;
				CLANG_WARN_UNREACHABLE_CODE = YES;
				CLANG_WARN__DUPLICATE_METHOD_MATCH = YES;
				"CODE_SIGN_IDENTITY[sdk=iphoneos*]" = "iPhone Developer";
				COPY_PHASE_STRIP = NO;
				DEBUG_INFORMATION_FORMAT = "dwarf-with-dsym";
				ENABLE_NS_ASSERTIONS = NO;
				ENABLE_STRICT_OBJC_MSGSEND = YES;
				GCC_C_LANGUAGE_STANDARD = gnu99;
				GCC_NO_COMMON_BLOCKS = YES;
				GCC_WARN_64_TO_32_BIT_CONVERSION = YES;
				GCC_WARN_ABOUT_RETURN_TYPE = YES_ERROR;
				GCC_WARN_UNDECLARED_SELECTOR = YES;
				GCC_WARN_UNINITIALIZED_AUTOS = YES_AGGRESSIVE;
				GCC_WARN_UNUSED_FUNCTION = YES;
				GCC_WARN_UNUSED_VARIABLE = YES;
				IPHONEOS_DEPLOYMENT_TARGET = 9.3;
				MTL_ENABLE_DEBUG_INFO = NO;
				SDKROOT = iphoneos;
				TARGETED_DEVICE_FAMILY = "1,2";
				VALIDATE_PRODUCT = YES;
			};
			name = Release;
		};
		79EB2CD11D04B78800F605CA /* Debug */ = {
			isa = XCBuildConfiguration;
			buildSettings = {
				ASSETCATALOG_COMPILER_APPICON_NAME = AppIcon;
				INFOPLIST_FILE = ColorSliderMyOwn/Info.plist;
				LD_RUNPATH_SEARCH_PATHS = "$(inherited) @executable_path/Frameworks";
				PRODUCT_BUNDLE_IDENTIFIER = me.ColorSliderMyOwn;
				PRODUCT_NAME = "$(TARGET_NAME)";
			};
			name = Debug;
		};
		79EB2CD21D04B78800F605CA /* Release */ = {
			isa = XCBuildConfiguration;
			buildSettings = {
				ASSETCATALOG_COMPILER_APPICON_NAME = AppIcon;
				INFOPLIST_FILE = ColorSliderMyOwn/Info.plist;
				LD_RUNPATH_SEARCH_PATHS = "$(inherited) @executable_path/Frameworks";
				PRODUCT_BUNDLE_IDENTIFIER = me.ColorSliderMyOwn;
				PRODUCT_NAME = "$(TARGET_NAME)";
			};
			name = Release;
		};
		79EB2CD41D04B78800F605CA /* Debug */ = {
			isa = XCBuildConfiguration;
			buildSettings = {
				BUNDLE_LOADER = "$(TEST_HOST)";
				INFOPLIST_FILE = ColorSliderMyOwnTests/Info.plist;
				LD_RUNPATH_SEARCH_PATHS = "$(inherited) @executable_path/Frameworks @loader_path/Frameworks";
				PRODUCT_BUNDLE_IDENTIFIER = me.ColorSliderMyOwnTests;
				PRODUCT_NAME = "$(TARGET_NAME)";
				TEST_HOST = "$(BUILT_PRODUCTS_DIR)/ColorSliderMyOwn.app/ColorSliderMyOwn";
			};
			name = Debug;
		};
		79EB2CD51D04B78800F605CA /* Release */ = {
			isa = XCBuildConfiguration;
			buildSettings = {
				BUNDLE_LOADER = "$(TEST_HOST)";
				INFOPLIST_FILE = ColorSliderMyOwnTests/Info.plist;
				LD_RUNPATH_SEARCH_PATHS = "$(inherited) @executable_path/Frameworks @loader_path/Frameworks";
				PRODUCT_BUNDLE_IDENTIFIER = me.ColorSliderMyOwnTests;
				PRODUCT_NAME = "$(TARGET_NAME)";
				TEST_HOST = "$(BUILT_PRODUCTS_DIR)/ColorSliderMyOwn.app/ColorSliderMyOwn";
			};
			name = Release;
		};
		79EB2CD71D04B78800F605CA /* Debug */ = {
			isa = XCBuildConfiguration;
			buildSettings = {
				INFOPLIST_FILE = ColorSliderMyOwnUITests/Info.plist;
				LD_RUNPATH_SEARCH_PATHS = "$(inherited) @executable_path/Frameworks @loader_path/Frameworks";
				PRODUCT_BUNDLE_IDENTIFIER = me.ColorSliderMyOwnUITests;
				PRODUCT_NAME = "$(TARGET_NAME)";
				TEST_TARGET_NAME = ColorSliderMyOwn;
			};
			name = Debug;
		};
		79EB2CD81D04B78800F605CA /* Release */ = {
			isa = XCBuildConfiguration;
			buildSettings = {
				INFOPLIST_FILE = ColorSliderMyOwnUITests/Info.plist;
				LD_RUNPATH_SEARCH_PATHS = "$(inherited) @executable_path/Frameworks @loader_path/Frameworks";
				PRODUCT_BUNDLE_IDENTIFIER = me.ColorSliderMyOwnUITests;
				PRODUCT_NAME = "$(TARGET_NAME)";
				TEST_TARGET_NAME = ColorSliderMyOwn;
			};
			name = Release;
		};
/* End XCBuildConfiguration section */

/* Begin XCConfigurationList section */
		79EB2CA31D04B78800F605CA /* Build configuration list for PBXProject "ColorSliderMyOwn" */ = {
			isa = XCConfigurationList;
			buildConfigurations = (
				79EB2CCE1D04B78800F605CA /* Debug */,
				79EB2CCF1D04B78800F605CA /* Release */,
			);
			defaultConfigurationIsVisible = 0;
			defaultConfigurationName = Release;
		};
		79EB2CD01D04B78800F605CA /* Build configuration list for PBXNativeTarget "ColorSliderMyOwn" */ = {
			isa = XCConfigurationList;
			buildConfigurations = (
				79EB2CD11D04B78800F605CA /* Debug */,
				79EB2CD21D04B78800F605CA /* Release */,
			);
			defaultConfigurationIsVisible = 0;
		};
		79EB2CD31D04B78800F605CA /* Build configuration list for PBXNativeTarget "ColorSliderMyOwnTests" */ = {
			isa = XCConfigurationList;
			buildConfigurations = (
				79EB2CD41D04B78800F605CA /* Debug */,
				79EB2CD51D04B78800F605CA /* Release */,
			);
			defaultConfigurationIsVisible = 0;
		};
		79EB2CD61D04B78800F605CA /* Build configuration list for PBXNativeTarget "ColorSliderMyOwnUITests" */ = {
			isa = XCConfigurationList;
			buildConfigurations = (
				79EB2CD71D04B78800F605CA /* Debug */,
				79EB2CD81D04B78800F605CA /* Release */,
			);
			defaultConfigurationIsVisible = 0;
		};
/* End XCConfigurationList section */
	};
	rootObject = 79EB2CA01D04B78800F605CA /* Project object */;
}
